
Microsoft Visual Studio Solution File, Format Version 12.00
# Visual Studio Version 17
VisualStudioVersion = 17.0.31903.59
MinimumVisualStudioVersion = 10.0.40219.1
Project("{9A19103F-16F7-4668-BE54-9A1E7A4F7556}") = "dxOMark_wpf", "wpf\dxOMark_wpf.csproj", "{DC272F18-EB37-4634-A069-5908BA8DDD6D}"
EndProject
Project("{9A19103F-16F7-4668-BE54-9A1E7A4F7556}") = "dxOMark_models", "models\dxOMark_models.csproj", "{6671CD7D-4F15-4A61-8941-512403ABFFF1}"
EndProject
Project("{9A19103F-16F7-4668-BE54-9A1E7A4F7556}") = "dxOMark_dal", "dal\dxOMark_dal.csproj", "{9CC22AEF-659D-4367-B6AA-79A85C2987C1}"
EndProject
Global
	GlobalSection(SolutionConfigurationPlatforms) = preSolution
		Debug|Any CPU = Debug|Any CPU
		Release|Any CPU = Release|Any CPU
	EndGlobalSection
	GlobalSection(ProjectConfigurationPlatforms) = postSolution
		{DC272F18-EB37-4634-A069-5908BA8DDD6D}.Debug|Any CPU.ActiveCfg = Debug|Any CPU
		{DC272F18-EB37-4634-A069-5908BA8DDD6D}.Debug|Any CPU.Build.0 = Debug|Any CPU
		{DC272F18-EB37-4634-A069-5908BA8DDD6D}.Release|Any CPU.ActiveCfg = Release|Any CPU
		{DC272F18-EB37-4634-A069-5908BA8DDD6D}.Release|Any CPU.Build.0 = Release|Any CPU
		{6671CD7D-4F15-4A61-8941-512403ABFFF1}.Debug|Any CPU.ActiveCfg = Debug|Any CPU
		{6671CD7D-4F15-4A61-8941-512403ABFFF1}.Debug|Any CPU.Build.0 = Debug|Any CPU
		{6671CD7D-4F15-4A61-8941-512403ABFFF1}.Release|Any CPU.ActiveCfg = Release|Any CPU
		{6671CD7D-4F15-4A61-8941-512403ABFFF1}.Release|Any CPU.Build.0 = Release|Any CPU
		{9CC22AEF-659D-4367-B6AA-79A85C2987C1}.Debug|Any CPU.ActiveCfg = Debug|Any CPU
		{9CC22AEF-659D-4367-B6AA-79A85C2987C1}.Debug|Any CPU.Build.0 = Debug|Any CPU
		{9CC22AEF-659D-4367-B6AA-79A85C2987C1}.Release|Any CPU.ActiveCfg = Release|Any CPU
		{9CC22AEF-659D-4367-B6AA-79A85C2987C1}.Release|Any CPU.Build.0 = Release|Any CPU
	EndGlobalSection
	GlobalSection(SolutionProperties) = preSolution
		HideSolutionNode = FALSE
	EndGlobalSection
	GlobalSection(ExtensibilityGlobals) = postSolution
		SolutionGuid = {B02B29F2-58B6-422A-9615-931AFFCFC2B2}
	EndGlobalSection
EndGlobal
